
Microsoft Visual Studio Solution File, Format Version 12.00
# Visual Studio Version 16
VisualStudioVersion = 16.0.29613.14
MinimumVisualStudioVersion = 10.0.40219.1
Project("{9A19103F-16F7-4668-BE54-9A1E7A4F7556}") = "WeakEventHandler", "WeakEventHandler\WeakEventHandler.csproj", "{4C1D530B-D972-4110-BD50-823D53825850}"
EndProject
Project("{FAE04EC0-301F-11D3-BF4B-00C04F79EFBC}") = "WeakEventHandler.Tests", "WeakEventHandler.Tests\WeakEventHandler.Tests.csproj", "{D2159624-E967-417F-AD60-67CF360DC6F6}"
EndProject
Global
	GlobalSection(SolutionConfigurationPlatforms) = preSolution
		Debug|Any CPU = Debug|Any CPU
		Release|Any CPU = Release|Any CPU
	EndGlobalSection
	GlobalSection(ProjectConfigurationPlatforms) = postSolution
		{4C1D530B-D972-4110-BD50-823D53825850}.Debug|Any CPU.ActiveCfg = Debug|Any CPU
		{4C1D530B-D972-4110-BD50-823D53825850}.Debug|Any CPU.Build.0 = Debug|Any CPU
		{4C1D530B-D972-4110-BD50-823D53825850}.Release|Any CPU.ActiveCfg = Release|Any CPU
		{4C1D530B-D972-4110-BD50-823D53825850}.Release|Any CPU.Build.0 = Release|Any CPU
		{D2159624-E967-417F-AD60-67CF360DC6F6}.Debug|Any CPU.ActiveCfg = Debug|Any CPU
		{D2159624-E967-417F-AD60-67CF360DC6F6}.Debug|Any CPU.Build.0 = Debug|Any CPU
		{D2159624-E967-417F-AD60-67CF360DC6F6}.Release|Any CPU.ActiveCfg = Release|Any CPU
		{D2159624-E967-417F-AD60-67CF360DC6F6}.Release|Any CPU.Build.0 = Release|Any CPU
	EndGlobalSection
	GlobalSection(SolutionProperties) = preSolution
		HideSolutionNode = FALSE
	EndGlobalSection
	GlobalSection(ExtensibilityGlobals) = postSolution
		SolutionGuid = {4BD01AD8-D5AD-462A-8B75-40C43BB38FBA}
	EndGlobalSection
EndGlobal
